
Microsoft Visual Studio Solution File, Format Version 12.00
# Visual Studio Version 17
VisualStudioVersion = 17.11.35222.181
MinimumVisualStudioVersion = 10.0.40219.1
Project("{8BC9CEB8-8B4A-11D0-8D11-00A0C91BC942}") = "DLLInjection", "DLLInjection\DLLInjection.vcxproj", "{9FC37F23-A82D-44EF-8507-9B23DDACE5DE}"
EndProject
Project("{8BC9CEB8-8B4A-11D0-8D11-00A0C91BC942}") = "env_test", "env_test\env_test.vcxproj", "{00787BFD-D86A-4963-BE13-C5E4D7543DCC}"
EndProject
Project("{8BC9CEB8-8B4A-11D0-8D11-00A0C91BC942}") = "KeyHookDll", "KeyHookDll\KeyHookDll.vcxproj", "{B29BFD6E-A317-464C-B4E4-91BAA6B7A3F7}"
EndProject
Global
	GlobalSection(SolutionConfigurationPlatforms) = preSolution
		Debug|x64 = Debug|x64
		Debug|x86 = Debug|x86
		Release|x64 = Release|x64
		Release|x86 = Release|x86
	EndGlobalSection
	GlobalSection(ProjectConfigurationPlatforms) = postSolution
		{9FC37F23-A82D-44EF-8507-9B23DDACE5DE}.Debug|x64.ActiveCfg = Debug|x64
		{9FC37F23-A82D-44EF-8507-9B23DDACE5DE}.Debug|x64.Build.0 = Debug|x64
		{9FC37F23-A82D-44EF-8507-9B23DDACE5DE}.Debug|x86.ActiveCfg = Debug|Win32
		{9FC37F23-A82D-44EF-8507-9B23DDACE5DE}.Debug|x86.Build.0 = Debug|Win32
		{9FC37F23-A82D-44EF-8507-9B23DDACE5DE}.Release|x64.ActiveCfg = Release|x64
		{9FC37F23-A82D-44EF-8507-9B23DDACE5DE}.Release|x64.Build.0 = Release|x64
		{9FC37F23-A82D-44EF-8507-9B23DDACE5DE}.Release|x86.ActiveCfg = Release|Win32
		{9FC37F23-A82D-44EF-8507-9B23DDACE5DE}.Release|x86.Build.0 = Release|Win32
		{00787BFD-D86A-4963-BE13-C5E4D7543DCC}.Debug|x64.ActiveCfg = Debug|x64
		{00787BFD-D86A-4963-BE13-C5E4D7543DCC}.Debug|x64.Build.0 = Debug|x64
		{00787BFD-D86A-4963-BE13-C5E4D7543DCC}.Debug|x86.ActiveCfg = Debug|Win32
		{00787BFD-D86A-4963-BE13-C5E4D7543DCC}.Debug|x86.Build.0 = Debug|Win32
		{00787BFD-D86A-4963-BE13-C5E4D7543DCC}.Release|x64.ActiveCfg = Release|x64
		{00787BFD-D86A-4963-BE13-C5E4D7543DCC}.Release|x64.Build.0 = Release|x64
		{00787BFD-D86A-4963-BE13-C5E4D7543DCC}.Release|x86.ActiveCfg = Release|Win32
		{00787BFD-D86A-4963-BE13-C5E4D7543DCC}.Release|x86.Build.0 = Release|Win32
		{B29BFD6E-A317-464C-B4E4-91BAA6B7A3F7}.Debug|x64.ActiveCfg = Debug|x64
		{B29BFD6E-A317-464C-B4E4-91BAA6B7A3F7}.Debug|x64.Build.0 = Debug|x64
		{B29BFD6E-A317-464C-B4E4-91BAA6B7A3F7}.Debug|x86.ActiveCfg = Debug|Win32
		{B29BFD6E-A317-464C-B4E4-91BAA6B7A3F7}.Debug|x86.Build.0 = Debug|Win32
		{B29BFD6E-A317-464C-B4E4-91BAA6B7A3F7}.Release|x64.ActiveCfg = Release|x64
		{B29BFD6E-A317-464C-B4E4-91BAA6B7A3F7}.Release|x64.Build.0 = Release|x64
		{B29BFD6E-A317-464C-B4E4-91BAA6B7A3F7}.Release|x86.ActiveCfg = Release|Win32
		{B29BFD6E-A317-464C-B4E4-91BAA6B7A3F7}.Release|x86.Build.0 = Release|Win32
	EndGlobalSection
	GlobalSection(SolutionProperties) = preSolution
		HideSolutionNode = FALSE
	EndGlobalSection
	GlobalSection(ExtensibilityGlobals) = postSolution
		SolutionGuid = {D40D1EEE-68DE-441E-A1E8-9B075EDC662D}
	EndGlobalSection
EndGlobal
